GEM
  remote: https://rubygems.org/
  specs:
    execjs (2.10.0)
    katex (0.10.0)
      execjs (~> 2.8)
    kramdown (2.5.1)
      rexml (>= 3.3.9)
    kramdown-math-katex (1.0.1)
      katex (~> 0.4)
      kramdown (~> 2.0)
    kramdown-parser-gfm (1.1.0)
      kramdown (~> 2.0)
    logger (1.7.0)
    rake (13.3.1)
    rexml (3.4.4)
    rouge (3.30.0)
    ya_multilingual_markdown (0.0.3)
      kramdown (>= 2.0)
      kramdown-math-katex (>= 1.0)
      kramdown-parser-gfm (>= 1.0)
      logger (>= 1.0)
      rouge (>= 3.0)

PLATFORMS
  ruby
  x86_64-linux

DEPENDENCIES
  rake
  ya_multilingual_markdown

BUNDLED WITH
   2.7.2
